// !$*UTF8*$!
{
	archiveVersion = 1;
	classes = {
	};
	objectVersion = 46;
	objects = {

/* Begin PBXBuildFile section */
		113EBEB81E7EF12D008CE4B1 /* RootContract.swift in Sources */ = {isa = PBXBuildFile; fileRef = 113EBEB71E7EF12D008CE4B1 /* RootContract.swift */; };
		113EBEBA1E7EF13C008CE4B1 /* RootRouter.swift in Sources */ = {isa = PBXBuildFile; fileRef = 113EBEB91E7EF13C008CE4B1 /* RootRouter.swift */; };
		113EBEC11E7EF1ED008CE4B1 /* MainContract.swift in Sources */ = {isa = PBXBuildFile; fileRef = 113EBEC01E7EF1ED008CE4B1 /* MainContract.swift */; };
		113EBEC31E7EF3AC008CE4B1 /* MainRouter.swift in Sources */ = {isa = PBXBuildFile; fileRef = 113EBEC21E7EF3AC008CE4B1 /* MainRouter.swift */; };
		113EBEC51E7EF408008CE4B1 /* MainPresenter.swift in Sources */ = {isa = PBXBuildFile; fileRef = 113EBEC41E7EF408008CE4B1 /* MainPresenter.swift */; };
		113EBEC71E7EF42C008CE4B1 /* MainInteractor.swift in Sources */ = {isa = PBXBuildFile; fileRef = 113EBEC61E7EF42C008CE4B1 /* MainInteractor.swift */; };
		113EBEC91E7EF509008CE4B1 /* MainStoryboard.storyboard in Resources */ = {isa = PBXBuildFile; fileRef = 113EBEC81E7EF509008CE4B1 /* MainStoryboard.storyboard */; };
		113EBECB1E7EF52C008CE4B1 /* MainViewController.swift in Sources */ = {isa = PBXBuildFile; fileRef = 113EBECA1E7EF52C008CE4B1 /* MainViewController.swift */; };
		113EBECD1E7F075E008CE4B1 /* BridgeExtension.swift in Sources */ = {isa = PBXBuildFile; fileRef = 113EBECC1E7F075E008CE4B1 /* BridgeExtension.swift */; };
		113EBECF1E7F0860008CE4B1 /* IslandExtension.swift in Sources */ = {isa = PBXBuildFile; fileRef = 113EBECE1E7F0860008CE4B1 /* IslandExtension.swift */; };
		113EBED11E7FAAA9008CE4B1 /* Route.swift in Sources */ = {isa = PBXBuildFile; fileRef = 113EBED01E7FAAA9008CE4B1 /* Route.swift */; };
		113EBED31E7FAD6B008CE4B1 /* IntExtension.swift in Sources */ = {isa = PBXBuildFile; fileRef = 113EBED21E7FAD6B008CE4B1 /* IntExtension.swift */; };
		113EBED51E7FAEFD008CE4B1 /* BitWiseTests.swift in Sources */ = {isa = PBXBuildFile; fileRef = 113EBED41E7FAEFD008CE4B1 /* BitWiseTests.swift */; };
		113EBED71E7FBDF8008CE4B1 /* RoutePickTests.swift in Sources */ = {isa = PBXBuildFile; fileRef = 113EBED61E7FBDF8008CE4B1 /* RoutePickTests.swift */; };
		113EBED91E7FC36F008CE4B1 /* BridgeTests.swift in Sources */ = {isa = PBXBuildFile; fileRef = 113EBED81E7FC36F008CE4B1 /* BridgeTests.swift */; };
		113EBEDB1E7FD78C008CE4B1 /* ViewProtocols.swift in Sources */ = {isa = PBXBuildFile; fileRef = 113EBEDA1E7FD78C008CE4B1 /* ViewProtocols.swift */; };
		113EBEDD1E7FD81E008CE4B1 /* IndicatorViewExtension.swift in Sources */ = {isa = PBXBuildFile; fileRef = 113EBEDC1E7FD81E008CE4B1 /* IndicatorViewExtension.swift */; };
		113EBEDF1E7FD8D7008CE4B1 /* StringExtension.swift in Sources */ = {isa = PBXBuildFile; fileRef = 113EBEDE1E7FD8D7008CE4B1 /* StringExtension.swift */; };
		113EBEE11E8017F3008CE4B1 /* OutputTests.swift in Sources */ = {isa = PBXBuildFile; fileRef = 113EBEE01E8017F3008CE4B1 /* OutputTests.swift */; };
		113EBEE31E803A17008CE4B1 /* Readme.md in Resources */ = {isa = PBXBuildFile; fileRef = 113EBEE21E803A17008CE4B1 /* Readme.md */; };
		1161F6061E7E7E2700AAFCA3 /* AppDelegate.swift in Sources */ = {isa = PBXBuildFile; fileRef = 1161F6051E7E7E2700AAFCA3 /* AppDelegate.swift */; };
		1161F60D1E7E7E2700AAFCA3 /* Assets.xcassets in Resources */ = {isa = PBXBuildFile; fileRef = 1161F60C1E7E7E2700AAFCA3 /* Assets.xcassets */; };
		1161F6101E7E7E2700AAFCA3 /* LaunchScreen.storyboard in Resources */ = {isa = PBXBuildFile; fileRef = 1161F60E1E7E7E2700AAFCA3 /* LaunchScreen.storyboard */; };
		118E01EA1E7E800D0037FB1D /* Island.swift in Sources */ = {isa = PBXBuildFile; fileRef = 118E01E91E7E800D0037FB1D /* Island.swift */; };
		118E01EC1E7E843A0037FB1D /* ArrayExtension.swift in Sources */ = {isa = PBXBuildFile; fileRef = 118E01EB1E7E843A0037FB1D /* ArrayExtension.swift */; };
		118E01F01E7E85170037FB1D /* QueryType.swift in Sources */ = {isa = PBXBuildFile; fileRef = 118E01EF1E7E85170037FB1D /* QueryType.swift */; };
		118E01F21E7E86BC0037FB1D /* Bridge.swift in Sources */ = {isa = PBXBuildFile; fileRef = 118E01F11E7E86BC0037FB1D /* Bridge.swift */; };
		11A81F9D1E7EE73A0052679A /* Query.swift in Sources */ = {isa = PBXBuildFile; fileRef = 11A81F9C1E7EE73A0052679A /* Query.swift */; };
		8E0B8C57CF0258F059D8A756 /* Pods_IslandBridgeConstructorTests.framework in Frameworks */ = {isa = PBXBuildFile; fileRef = A05E2A0B468E7619137D6F85 /* Pods_IslandBridgeConstructorTests.framework */; };
		F6CE75C8B6D57DAE46086D4A /* Pods_IslandBridgeConstructor.framework in Frameworks */ = {isa = PBXBuildFile; fileRef = B95FF38784C32DE9BA06EA92 /* Pods_IslandBridgeConstructor.framework */; };
/* End PBXBuildFile section */

/* Begin PBXContainerItemProxy section */
		1161F6171E7E7E2700AAFCA3 /* PBXContainerItemProxy */ = {
			isa = PBXContainerItemProxy;
			containerPortal = 1161F5FA1E7E7E2700AAFCA3 /* Project object */;
			proxyType = 1;
			remoteGlobalIDString = 1161F6011E7E7E2700AAFCA3;
			remoteInfo = IslandBridgeConstructor;
		};
/* End PBXContainerItemProxy section */

/* Begin PBXFileReference section */
		113EBEB71E7EF12D008CE4B1 /* RootContract.swift */ = {isa = PBXFileReference; fileEncoding = 4; lastKnownFileType = sourcecode.swift; path = RootContract.swift; sourceTree = "<group>"; };
		113EBEB91E7EF13C008CE4B1 /* RootRouter.swift */ = {isa = PBXFileReference; fileEncoding = 4; lastKnownFileType = sourcecode.swift; path = RootRouter.swift; sourceTree = "<group>"; };
		113EBEC01E7EF1ED008CE4B1 /* MainContract.swift */ = {isa = PBXFileReference; fileEncoding = 4; lastKnownFileType = sourcecode.swift; path = MainContract.swift; sourceTree = "<group>"; };
		113EBEC21E7EF3AC008CE4B1 /* MainRouter.swift */ = {isa = PBXFileReference; fileEncoding = 4; lastKnownFileType = sourcecode.swift; path = MainRouter.swift; sourceTree = "<group>"; };
		113EBEC41E7EF408008CE4B1 /* MainPresenter.swift */ = {isa = PBXFileReference; fileEncoding = 4; lastKnownFileType = sourcecode.swift; path = MainPresenter.swift; sourceTree = "<group>"; };
		113EBEC61E7EF42C008CE4B1 /* MainInteractor.swift */ = {isa = PBXFileReference; fileEncoding = 4; lastKnownFileType = sourcecode.swift; path = MainInteractor.swift; sourceTree = "<group>"; };
		113EBEC81E7EF509008CE4B1 /* MainStoryboard.storyboard */ = {isa = PBXFileReference; fileEncoding = 4; lastKnownFileType = file.storyboard; path = MainStoryboard.storyboard; sourceTree = "<group>"; };
		113EBECA1E7EF52C008CE4B1 /* MainViewController.swift */ = {isa = PBXFileReference; fileEncoding = 4; lastKnownFileType = sourcecode.swift; path = MainViewController.swift; sourceTree = "<group>"; };
		113EBECC1E7F075E008CE4B1 /* BridgeExtension.swift */ = {isa = PBXFileReference; fileEncoding = 4; lastKnownFileType = sourcecode.swift; path = BridgeExtension.swift; sourceTree = "<group>"; };
		113EBECE1E7F0860008CE4B1 /* IslandExtension.swift */ = {isa = PBXFileReference; fileEncoding = 4; lastKnownFileType = sourcecode.swift; path = IslandExtension.swift; sourceTree = "<group>"; };
		113EBED01E7FAAA9008CE4B1 /* Route.swift */ = {isa = PBXFileReference; fileEncoding = 4; lastKnownFileType = sourcecode.swift; path = Route.swift; sourceTree = "<group>"; };
		113EBED21E7FAD6B008CE4B1 /* IntExtension.swift */ = {isa = PBXFileReference; fileEncoding = 4; lastKnownFileType = sourcecode.swift; path = IntExtension.swift; sourceTree = "<group>"; };
		113EBED41E7FAEFD008CE4B1 /* BitWiseTests.swift */ = {isa = PBXFileReference; fileEncoding = 4; lastKnownFileType = sourcecode.swift; path = BitWiseTests.swift; sourceTree = "<group>"; };
		113EBED61E7FBDF8008CE4B1 /* RoutePickTests.swift */ = {isa = PBXFileReference; fileEncoding = 4; lastKnownFileType = sourcecode.swift; path = RoutePickTests.swift; sourceTree = "<group>"; };
		113EBED81E7FC36F008CE4B1 /* BridgeTests.swift */ = {isa = PBXFileReference; fileEncoding = 4; lastKnownFileType = sourcecode.swift; path = BridgeTests.swift; sourceTree = "<group>"; };
		113EBEDA1E7FD78C008CE4B1 /* ViewProtocols.swift */ = {isa = PBXFileReference; fileEncoding = 4; lastKnownFileType = sourcecode.swift; path = ViewProtocols.swift; sourceTree = "<group>"; };
		113EBEDC1E7FD81E008CE4B1 /* IndicatorViewExtension.swift */ = {isa = PBXFileReference; fileEncoding = 4; lastKnownFileType = sourcecode.swift; path = IndicatorViewExtension.swift; sourceTree = "<group>"; };
		113EBEDE1E7FD8D7008CE4B1 /* StringExtension.swift */ = {isa = PBXFileReference; fileEncoding = 4; lastKnownFileType = sourcecode.swift; path = StringExtension.swift; sourceTree = "<group>"; };
		113EBEE01E8017F3008CE4B1 /* OutputTests.swift */ = {isa = PBXFileReference; fileEncoding = 4; lastKnownFileType = sourcecode.swift; path = OutputTests.swift; sourceTree = "<group>"; };
		113EBEE21E803A17008CE4B1 /* Readme.md */ = {isa = PBXFileReference; fileEncoding = 4; lastKnownFileType = net.daringfireball.markdown; path = Readme.md; sourceTree = "<group>"; };
		1161F6021E7E7E2700AAFCA3 /* IslandBridgeConstructor.app */ = {isa = PBXFileReference; explicitFileType = wrapper.application; includeInIndex = 0; path = IslandBridgeConstructor.app; sourceTree = BUILT_PRODUCTS_DIR; };
		1161F6051E7E7E2700AAFCA3 /* AppDelegate.swift */ = {isa = PBXFileReference; lastKnownFileType = sourcecode.swift; path = AppDelegate.swift; sourceTree = "<group>"; };
		1161F60C1E7E7E2700AAFCA3 /* Assets.xcassets */ = {isa = PBXFileReference; lastKnownFileType = folder.assetcatalog; path = Assets.xcassets; sourceTree = "<group>"; };
		1161F60F1E7E7E2700AAFCA3 /* Base */ = {isa = PBXFileReference; lastKnownFileType = file.storyboard; name = Base; path = Base.lproj/LaunchScreen.storyboard; sourceTree = "<group>"; };
		1161F6111E7E7E2700AAFCA3 /* Info.plist */ = {isa = PBXFileReference; lastKnownFileType = text.plist.xml; path = Info.plist; sourceTree = "<group>"; };
		1161F6161E7E7E2700AAFCA3 /* IslandBridgeConstructorTests.xctest */ = {isa = PBXFileReference; explicitFileType = wrapper.cfbundle; includeInIndex = 0; path = IslandBridgeConstructorTests.xctest; sourceTree = BUILT_PRODUCTS_DIR; };
		1161F61C1E7E7E2700AAFCA3 /* Info.plist */ = {isa = PBXFileReference; lastKnownFileType = text.plist.xml; path = Info.plist; sourceTree = "<group>"; };
		118E01E91E7E800D0037FB1D /* Island.swift */ = {isa = PBXFileReference; fileEncoding = 4; lastKnownFileType = sourcecode.swift; path = Island.swift; sourceTree = "<group>"; };
		118E01EB1E7E843A0037FB1D /* ArrayExtension.swift */ = {isa = PBXFileReference; fileEncoding = 4; lastKnownFileType = sourcecode.swift; path = ArrayExtension.swift; sourceTree = "<group>"; };
		118E01EF1E7E85170037FB1D /* QueryType.swift */ = {isa = PBXFileReference; fileEncoding = 4; lastKnownFileType = sourcecode.swift; path = QueryType.swift; sourceTree = "<group>"; };
		118E01F11E7E86BC0037FB1D /* Bridge.swift */ = {isa = PBXFileReference; fileEncoding = 4; lastKnownFileType = sourcecode.swift; path = Bridge.swift; sourceTree = "<group>"; };
		11A81F9C1E7EE73A0052679A /* Query.swift */ = {isa = PBXFileReference; fileEncoding = 4; lastKnownFileType = sourcecode.swift; path = Query.swift; sourceTree = "<group>"; };
		68D3E7C96D038B9D10C022E8 /* Pods-IslandBridgeConstructor.release.xcconfig */ = {isa = PBXFileReference; includeInIndex = 1; lastKnownFileType = text.xcconfig; name = "Pods-IslandBridgeConstructor.release.xcconfig"; path = "Pods/Target Support Files/Pods-IslandBridgeConstructor/Pods-IslandBridgeConstructor.release.xcconfig"; sourceTree = "<group>"; };
		7AE1D5B55A6D6EEB6B62B7EF /* Pods-IslandBridgeConstructorTests.release.xcconfig */ = {isa = PBXFileReference; includeInIndex = 1; lastKnownFileType = text.xcconfig; name = "Pods-IslandBridgeConstructorTests.release.xcconfig"; path = "Pods/Target Support Files/Pods-IslandBridgeConstructorTests/Pods-IslandBridgeConstructorTests.release.xcconfig"; sourceTree = "<group>"; };
		7B756FDBB229627CDC624AE3 /* Pods-IslandBridgeConstructorTests.debug.xcconfig */ = {isa = PBXFileReference; includeInIndex = 1; lastKnownFileType = text.xcconfig; name = "Pods-IslandBridgeConstructorTests.debug.xcconfig"; path = "Pods/Target Support Files/Pods-IslandBridgeConstructorTests/Pods-IslandBridgeConstructorTests.debug.xcconfig"; sourceTree = "<group>"; };
		A05E2A0B468E7619137D6F85 /* Pods_IslandBridgeConstructorTests.framework */ = {isa = PBXFileReference; explicitFileType = wrapper.framework; includeInIndex = 0; path = Pods_IslandBridgeConstructorTests.framework; sourceTree = BUILT_PRODUCTS_DIR; };
		B95FF38784C32DE9BA06EA92 /* Pods_IslandBridgeConstructor.framework */ = {isa = PBXFileReference; explicitFileType = wrapper.framework; includeInIndex = 0; path = Pods_IslandBridgeConstructor.framework; sourceTree = BUILT_PRODUCTS_DIR; };
		CC0AC943B6EF0A4A0ACAA4BB /* Pods-IslandBridgeConstructor.debug.xcconfig */ = {isa = PBXFileReference; includeInIndex = 1; lastKnownFileType = text.xcconfig; name = "Pods-IslandBridgeConstructor.debug.xcconfig"; path = "Pods/Target Support Files/Pods-IslandBridgeConstructor/Pods-IslandBridgeConstructor.debug.xcconfig"; sourceTree = "<group>"; };
/* End PBXFileReference section */

/* Begin PBXFrameworksBuildPhase section */
		1161F5FF1E7E7E2700AAFCA3 /* Frameworks */ = {
			isa = PBXFrameworksBuildPhase;
			buildActionMask = 2147483647;
			files = (
				F6CE75C8B6D57DAE46086D4A /* Pods_IslandBridgeConstructor.framework in Frameworks */,
			);
			runOnlyForDeploymentPostprocessing = 0;
		};
		1161F6131E7E7E2700AAFCA3 /* Frameworks */ = {
			isa = PBXFrameworksBuildPhase;
			buildActionMask = 2147483647;
			files = (
				8E0B8C57CF0258F059D8A756 /* Pods_IslandBridgeConstructorTests.framework in Frameworks */,
			);
			runOnlyForDeploymentPostprocessing = 0;
		};
/* End PBXFrameworksBuildPhase section */

/* Begin PBXGroup section */
		113EBEB51E7EF0E9008CE4B1 /* Root */ = {
			isa = PBXGroup;
			children = (
				113EBEB71E7EF12D008CE4B1 /* RootContract.swift */,
				113EBEB91E7EF13C008CE4B1 /* RootRouter.swift */,
			);
			name = Root;
			sourceTree = "<group>";
		};
		113EBEB61E7EF0F0008CE4B1 /* Main */ = {
			isa = PBXGroup;
			children = (
				113EBEBF1E7EF1CE008CE4B1 /* Contract */,
				113EBEBD1E7EF1B4008CE4B1 /* Interactor */,
				113EBEBE1E7EF1C5008CE4B1 /* Presenter */,
				113EBEBC1E7EF1AD008CE4B1 /* Router */,
				113EBEBB1E7EF1A5008CE4B1 /* View */,
			);
			name = Main;
			sourceTree = "<group>";
		};
		113EBEBB1E7EF1A5008CE4B1 /* View */ = {
			isa = PBXGroup;
			children = (
				113EBEC81E7EF509008CE4B1 /* MainStoryboard.storyboard */,
				113EBECA1E7EF52C008CE4B1 /* MainViewController.swift */,
			);
			name = View;
			sourceTree = "<group>";
		};
		113EBEBC1E7EF1AD008CE4B1 /* Router */ = {
			isa = PBXGroup;
			children = (
				113EBEC21E7EF3AC008CE4B1 /* MainRouter.swift */,
			);
			name = Router;
			sourceTree = "<group>";
		};
		113EBEBD1E7EF1B4008CE4B1 /* Interactor */ = {
			isa = PBXGroup;
			children = (
				113EBEC61E7EF42C008CE4B1 /* MainInteractor.swift */,
			);
			name = Interactor;
			sourceTree = "<group>";
		};
		113EBEBE1E7EF1C5008CE4B1 /* Presenter */ = {
			isa = PBXGroup;
			children = (
				113EBEC41E7EF408008CE4B1 /* MainPresenter.swift */,
			);
			name = Presenter;
			sourceTree = "<group>";
		};
		113EBEBF1E7EF1CE008CE4B1 /* Contract */ = {
			isa = PBXGroup;
			children = (
				113EBEC01E7EF1ED008CE4B1 /* MainContract.swift */,
			);
			name = Contract;
			sourceTree = "<group>";
		};
		1161F5F91E7E7E2700AAFCA3 = {
			isa = PBXGroup;
			children = (
				1161F6041E7E7E2700AAFCA3 /* IslandBridgeConstructor */,
				1161F6191E7E7E2700AAFCA3 /* IslandBridgeConstructorTests */,
				1161F6031E7E7E2700AAFCA3 /* Products */,
				EA798BC1ABEF4B133C0CDE7D /* Pods */,
				2AEBDF5529A8A67EE4D12762 /* Frameworks */,
				113EBEE21E803A17008CE4B1 /* Readme.md */,
			);
			sourceTree = "<group>";
		};
		1161F6031E7E7E2700AAFCA3 /* Products */ = {
			isa = PBXGroup;
			children = (
				1161F6021E7E7E2700AAFCA3 /* IslandBridgeConstructor.app */,
				1161F6161E7E7E2700AAFCA3 /* IslandBridgeConstructorTests.xctest */,
			);
			name = Products;
			sourceTree = "<group>";
		};
		1161F6041E7E7E2700AAFCA3 /* IslandBridgeConstructor */ = {
			isa = PBXGroup;
			children = (
				1161F6251E7E7E6B00AAFCA3 /* Applications */,
				1161F6261E7E7E8D00AAFCA3 /* Resources */,
				1161F6271E7E7EA800AAFCA3 /* Enums */,
				1161F6281E7E7EBF00AAFCA3 /* Extensions */,
				1161F6291E7E7EC600AAFCA3 /* Models */,
				1161F62A1E7E7ECD00AAFCA3 /* Modules */,
				1161F62B1E7E7EEA00AAFCA3 /* Network */,
				1161F62C1E7E7EF500AAFCA3 /* Protocols */,
			);
			path = IslandBridgeConstructor;
			sourceTree = "<group>";
		};
		1161F6191E7E7E2700AAFCA3 /* IslandBridgeConstructorTests */ = {
			isa = PBXGroup;
			children = (
				113EBED41E7FAEFD008CE4B1 /* BitWiseTests.swift */,
				113EBED81E7FC36F008CE4B1 /* BridgeTests.swift */,
				113EBED61E7FBDF8008CE4B1 /* RoutePickTests.swift */,
				113EBEE01E8017F3008CE4B1 /* OutputTests.swift */,
				1161F61C1E7E7E2700AAFCA3 /* Info.plist */,
			);
			path = IslandBridgeConstructorTests;
			sourceTree = "<group>";
		};
		1161F6251E7E7E6B00AAFCA3 /* Applications */ = {
			isa = PBXGroup;
			children = (
				1161F6051E7E7E2700AAFCA3 /* AppDelegate.swift */,
			);
			name = Applications;
			sourceTree = "<group>";
		};
		1161F6261E7E7E8D00AAFCA3 /* Resources */ = {
			isa = PBXGroup;
			children = (
				1161F60C1E7E7E2700AAFCA3 /* Assets.xcassets */,
				1161F60E1E7E7E2700AAFCA3 /* LaunchScreen.storyboard */,
				1161F6111E7E7E2700AAFCA3 /* Info.plist */,
			);
			name = Resources;
			sourceTree = "<group>";
		};
		1161F6271E7E7EA800AAFCA3 /* Enums */ = {
			isa = PBXGroup;
			children = (
				118E01EF1E7E85170037FB1D /* QueryType.swift */,
			);
			name = Enums;
			sourceTree = "<group>";
		};
		1161F6281E7E7EBF00AAFCA3 /* Extensions */ = {
			isa = PBXGroup;
			children = (
				118E01EB1E7E843A0037FB1D /* ArrayExtension.swift */,
				113EBECC1E7F075E008CE4B1 /* BridgeExtension.swift */,
				113EBECE1E7F0860008CE4B1 /* IslandExtension.swift */,
				113EBED21E7FAD6B008CE4B1 /* IntExtension.swift */,
				113EBEDC1E7FD81E008CE4B1 /* IndicatorViewExtension.swift */,
				113EBEDE1E7FD8D7008CE4B1 /* StringExtension.swift */,
			);
			name = Extensions;
			sourceTree = "<group>";
		};
		1161F6291E7E7EC600AAFCA3 /* Models */ = {
			isa = PBXGroup;
			children = (
				118E01E91E7E800D0037FB1D /* Island.swift */,
				118E01F11E7E86BC0037FB1D /* Bridge.swift */,
				11A81F9C1E7EE73A0052679A /* Query.swift */,
				113EBED01E7FAAA9008CE4B1 /* Route.swift */,
			);
			name = Models;
			sourceTree = "<group>";
		};
		1161F62A1E7E7ECD00AAFCA3 /* Modules */ = {
			isa = PBXGroup;
			children = (
				113EBEB51E7EF0E9008CE4B1 /* Root */,
				113EBEB61E7EF0F0008CE4B1 /* Main */,
			);
			name = Modules;
			sourceTree = "<group>";
		};
		1161F62B1E7E7EEA00AAFCA3 /* Network */ = {
			isa = PBXGroup;
			children = (
			);
			name = Network;
			sourceTree = "<group>";
		};
		1161F62C1E7E7EF500AAFCA3 /* Protocols */ = {
			isa = PBXGroup;
			children = (
				113EBEDA1E7FD78C008CE4B1 /* ViewProtocols.swift */,
			);
			name = Protocols;
			sourceTree = "<group>";
		};
		2AEBDF5529A8A67EE4D12762 /* Frameworks */ = {
			isa = PBXGroup;
			children = (
				B95FF38784C32DE9BA06EA92 /* Pods_IslandBridgeConstructor.framework */,
				A05E2A0B468E7619137D6F85 /* Pods_IslandBridgeConstructorTests.framework */,
			);
			name = Frameworks;
			sourceTree = "<group>";
		};
		EA798BC1ABEF4B133C0CDE7D /* Pods */ = {
			isa = PBXGroup;
			children = (
				CC0AC943B6EF0A4A0ACAA4BB /* Pods-IslandBridgeConstructor.debug.xcconfig */,
				68D3E7C96D038B9D10C022E8 /* Pods-IslandBridgeConstructor.release.xcconfig */,
				7B756FDBB229627CDC624AE3 /* Pods-IslandBridgeConstructorTests.debug.xcconfig */,
				7AE1D5B55A6D6EEB6B62B7EF /* Pods-IslandBridgeConstructorTests.release.xcconfig */,
			);
			name = Pods;
			sourceTree = "<group>";
		};
/* End PBXGroup section */

/* Begin PBXNativeTarget section */
		1161F6011E7E7E2700AAFCA3 /* IslandBridgeConstructor */ = {
			isa = PBXNativeTarget;
			buildConfigurationList = 1161F61F1E7E7E2700AAFCA3 /* Build configuration list for PBXNativeTarget "IslandBridgeConstructor" */;
			buildPhases = (
				D3A83D3BFAC4B19F537E4A06 /* [CP] Check Pods Manifest.lock */,
				1161F5FE1E7E7E2700AAFCA3 /* Sources */,
				1161F5FF1E7E7E2700AAFCA3 /* Frameworks */,
				1161F6001E7E7E2700AAFCA3 /* Resources */,
				719DC8343044995F3FB0DAE5 /* [CP] Embed Pods Frameworks */,
			);
			buildRules = (
			);
			dependencies = (
			);
			name = IslandBridgeConstructor;
			productName = IslandBridgeConstructor;
			productReference = 1161F6021E7E7E2700AAFCA3 /* IslandBridgeConstructor.app */;
			productType = "com.apple.product-type.application";
		};
		1161F6151E7E7E2700AAFCA3 /* IslandBridgeConstructorTests */ = {
			isa = PBXNativeTarget;
			buildConfigurationList = 1161F6221E7E7E2700AAFCA3 /* Build configuration list for PBXNativeTarget "IslandBridgeConstructorTests" */;
			buildPhases = (
				4B1F76E34EC772E7748CA7AE /* [CP] Check Pods Manifest.lock */,
				1161F6121E7E7E2700AAFCA3 /* Sources */,
				1161F6131E7E7E2700AAFCA3 /* Frameworks */,
				1161F6141E7E7E2700AAFCA3 /* Resources */,
			);
			buildRules = (
			);
			dependencies = (
				1161F6181E7E7E2700AAFCA3 /* PBXTargetDependency */,
			);
			name = IslandBridgeConstructorTests;
			productName = IslandBridgeConstructorTests;
			productReference = 1161F6161E7E7E2700AAFCA3 /* IslandBridgeConstructorTests.xctest */;
			productType = "com.apple.product-type.bundle.unit-test";
		};
/* End PBXNativeTarget section */

/* Begin PBXProject section */
		1161F5FA1E7E7E2700AAFCA3 /* Project object */ = {
			isa = PBXProject;
			attributes = {
				LastSwiftUpdateCheck = 0820;
				LastUpgradeCheck = 0940;
				ORGANIZATIONNAME = "Chavalit Vanasapdamrong";
				TargetAttributes = {
					1161F6011E7E7E2700AAFCA3 = {
						CreatedOnToolsVersion = 8.2.1;
						DevelopmentTeam = SR52JE4SY6;
						LastSwiftMigration = 0940;
						ProvisioningStyle = Automatic;
					};
					1161F6151E7E7E2700AAFCA3 = {
						CreatedOnToolsVersion = 8.2.1;
						DevelopmentTeam = SR52JE4SY6;
						LastSwiftMigration = 0940;
						ProvisioningStyle = Automatic;
						TestTargetID = 1161F6011E7E7E2700AAFCA3;
					};
				};
			};
			buildConfigurationList = 1161F5FD1E7E7E2700AAFCA3 /* Build configuration list for PBXProject "IslandBridgeConstructor" */;
			compatibilityVersion = "Xcode 3.2";
			developmentRegion = English;
			hasScannedForEncodings = 0;
			knownRegions = (
				en,
				Base,
			);
			mainGroup = 1161F5F91E7E7E2700AAFCA3;
			productRefGroup = 1161F6031E7E7E2700AAFCA3 /* Products */;
			projectDirPath = "";
			projectRoot = "";
			targets = (
				1161F6011E7E7E2700AAFCA3 /* IslandBridgeConstructor */,
				1161F6151E7E7E2700AAFCA3 /* IslandBridgeConstructorTests */,
			);
		};
/* End PBXProject section */

/* Begin PBXResourcesBuildPhase section */
		1161F6001E7E7E2700AAFCA3 /* Resources */ = {
			isa = PBXResourcesBuildPhase;
			buildActionMask = 2147483647;
			files = (
				1161F6101E7E7E2700AAFCA3 /* LaunchScreen.storyboard in Resources */,
				1161F60D1E7E7E2700AAFCA3 /* Assets.xcassets in Resources */,
				113EBEC91E7EF509008CE4B1 /* MainStoryboard.storyboard in Resources */,
				113EBEE31E803A17008CE4B1 /* Readme.md in Resources */,
			);
			runOnlyForDeploymentPostprocessing = 0;
		};
		1161F6141E7E7E2700AAFCA3 /* Resources */ = {
			isa = PBXResourcesBuildPhase;
			buildActionMask = 2147483647;
			files = (
			);
			runOnlyForDeploymentPostprocessing = 0;
		};
/* End PBXResourcesBuildPhase section */

/* Begin PBXShellScriptBuildPhase section */
		4B1F76E34EC772E7748CA7AE /* [CP] Check Pods Manifest.lock */ = {
			isa = PBXShellScriptBuildPhase;
			buildActionMask = 2147483647;
			files = (
			);
			inputPaths = (
				"${PODS_PODFILE_DIR_PATH}/Podfile.lock",
				"${PODS_ROOT}/Manifest.lock",
			);
			name = "[CP] Check Pods Manifest.lock";
			outputPaths = (
				"$(DERIVED_FILE_DIR)/Pods-IslandBridgeConstructorTests-checkManifestLockResult.txt",
			);
			runOnlyForDeploymentPostprocessing = 0;
			shellPath = /bin/sh;
			shellScript = "diff \"${PODS_PODFILE_DIR_PATH}/Podfile.lock\" \"${PODS_ROOT}/Manifest.lock\" > /dev/null\nif [ $? != 0 ] ; then\n    # print error to STDERR\n    echo \"error: The sandbox is not in sync with the Podfile.lock. Run 'pod install' or update your CocoaPods installation.\" >&2\n    exit 1\nfi\n# This output is used by Xcode 'outputs' to avoid re-running this script phase.\necho \"SUCCESS\" > \"${SCRIPT_OUTPUT_FILE_0}\"\n";
			showEnvVarsInLog = 0;
		};
		719DC8343044995F3FB0DAE5 /* [CP] Embed Pods Frameworks */ = {
			isa = PBXShellScriptBuildPhase;
			buildActionMask = 2147483647;
			files = (
			);
			inputPaths = (
				"${SRCROOT}/Pods/Target Support Files/Pods-IslandBridgeConstructor/Pods-IslandBridgeConstructor-frameworks.sh",
				"${BUILT_PRODUCTS_DIR}/SwiftSpinner/SwiftSpinner.framework",
			);
			name = "[CP] Embed Pods Frameworks";
			outputPaths = (
				"${TARGET_BUILD_DIR}/${FRAMEWORKS_FOLDER_PATH}/SwiftSpinner.framework",
			);
			runOnlyForDeploymentPostprocessing = 0;
			shellPath = /bin/sh;
			shellScript = "\"${SRCROOT}/Pods/Target Support Files/Pods-IslandBridgeConstructor/Pods-IslandBridgeConstructor-frameworks.sh\"\n";
			showEnvVarsInLog = 0;
		};
		D3A83D3BFAC4B19F537E4A06 /* [CP] Check Pods Manifest.lock */ = {
			isa = PBXShellScriptBuildPhase;
			buildActionMask = 2147483647;
			files = (
			);
			inputPaths = (
				"${PODS_PODFILE_DIR_PATH}/Podfile.lock",
				"${PODS_ROOT}/Manifest.lock",
			);
			name = "[CP] Check Pods Manifest.lock";
			outputPaths = (
				"$(DERIVED_FILE_DIR)/Pods-IslandBridgeConstructor-checkManifestLockResult.txt",
			);
			runOnlyForDeploymentPostprocessing = 0;
			shellPath = /bin/sh;
			shellScript = "diff \"${PODS_PODFILE_DIR_PATH}/Podfile.lock\" \"${PODS_ROOT}/Manifest.lock\" > /dev/null\nif [ $? != 0 ] ; then\n    # print error to STDERR\n    echo \"error: The sandbox is not in sync with the Podfile.lock. Run 'pod install' or update your CocoaPods installation.\" >&2\n    exit 1\nfi\n# This output is used by Xcode 'outputs' to avoid re-running this script phase.\necho \"SUCCESS\" > \"${SCRIPT_OUTPUT_FILE_0}\"\n";
			showEnvVarsInLog = 0;
		};
/* End PBXShellScriptBuildPhase section */

/* Begin PBXSourcesBuildPhase section */
		1161F5FE1E7E7E2700AAFCA3 /* Sources */ = {
			isa = PBXSourcesBuildPhase;
			buildActionMask = 2147483647;
			files = (
				113EBEC11E7EF1ED008CE4B1 /* MainContract.swift in Sources */,
				11A81F9D1E7EE73A0052679A /* Query.swift in Sources */,
				1161F6061E7E7E2700AAFCA3 /* AppDelegate.swift in Sources */,
				118E01F21E7E86BC0037FB1D /* Bridge.swift in Sources */,
				113EBEBA1E7EF13C008CE4B1 /* RootRouter.swift in Sources */,
				113EBED11E7FAAA9008CE4B1 /* Route.swift in Sources */,
				113EBEDD1E7FD81E008CE4B1 /* IndicatorViewExtension.swift in Sources */,
				113EBECF1E7F0860008CE4B1 /* IslandExtension.swift in Sources */,
				118E01EA1E7E800D0037FB1D /* Island.swift in Sources */,
				113EBECB1E7EF52C008CE4B1 /* MainViewController.swift in Sources */,
				113EBEC51E7EF408008CE4B1 /* MainPresenter.swift in Sources */,
				113EBECD1E7F075E008CE4B1 /* BridgeExtension.swift in Sources */,
				113EBEDF1E7FD8D7008CE4B1 /* StringExtension.swift in Sources */,
				118E01F01E7E85170037FB1D /* QueryType.swift in Sources */,
				113EBED31E7FAD6B008CE4B1 /* IntExtension.swift in Sources */,
				118E01EC1E7E843A0037FB1D /* ArrayExtension.swift in Sources */,
				113EBEC31E7EF3AC008CE4B1 /* MainRouter.swift in Sources */,
				113EBEB81E7EF12D008CE4B1 /* RootContract.swift in Sources */,
				113EBEDB1E7FD78C008CE4B1 /* ViewProtocols.swift in Sources */,
				113EBEC71E7EF42C008CE4B1 /* MainInteractor.swift in Sources */,
			);
			runOnlyForDeploymentPostprocessing = 0;
		};
		1161F6121E7E7E2700AAFCA3 /* Sources */ = {
			isa = PBXSourcesBuildPhase;
			buildActionMask = 2147483647;
			files = (
				113EBEE11E8017F3008CE4B1 /* OutputTests.swift in Sources */,
				113EBED71E7FBDF8008CE4B1 /* RoutePickTests.swift in Sources */,
				113EBED91E7FC36F008CE4B1 /* BridgeTests.swift in Sources */,
				113EBED51E7FAEFD008CE4B1 /* BitWiseTests.swift in Sources */,
			);
			runOnlyForDeploymentPostprocessing = 0;
		};
/* End PBXSourcesBuildPhase section */

/* Begin PBXTargetDependency section */
		1161F6181E7E7E2700AAFCA3 /* PBXTargetDependency */ = {
			isa = PBXTargetDependency;
			target = 1161F6011E7E7E2700AAFCA3 /* IslandBridgeConstructor */;
			targetProxy = 1161F6171E7E7E2700AAFCA3 /* PBXContainerItemProxy */;
		};
/* End PBXTargetDependency section */

/* Begin PBXVariantGroup section */
		1161F60E1E7E7E2700AAFCA3 /* LaunchScreen.storyboard */ = {
			isa = PBXVariantGroup;
			children = (
				1161F60F1E7E7E2700AAFCA3 /* Base */,
			);
			name = LaunchScreen.storyboard;
			sourceTree = "<group>";
		};
/* End PBXVariantGroup section */

/* Begin XCBuildConfiguration section */
		1161F61D1E7E7E2700AAFCA3 /* Debug */ = {
			isa = XCBuildConfiguration;
			buildSettings = {
				ALWAYS_SEARCH_USER_PATHS = NO;
				CLANG_ANALYZER_NONNULL = YES;
				CLANG_CXX_LANGUAGE_STANDARD = "gnu++0x";
				CLANG_CXX_LIBRARY = "libc++";
				CLANG_ENABLE_MODULES = YES;
				CLANG_ENABLE_OBJC_ARC = YES;
				CLANG_WARN_BLOCK_CAPTURE_AUTORELEASING = YES;
				CLANG_WARN_BOOL_CONVERSION = YES;
				CLANG_WARN_COMMA = YES;
				CLANG_WARN_CONSTANT_CONVERSION = YES;
				CLANG_WARN_DEPRECATED_OBJC_IMPLEMENTATIONS = YES;
				CLANG_WARN_DIRECT_OBJC_ISA_USAGE = YES_ERROR;
				CLANG_WARN_DOCUMENTATION_COMMENTS = YES;
				CLANG_WARN_EMPTY_BODY = YES;
				CLANG_WARN_ENUM_CONVERSION = YES;
				CLANG_WARN_INFINITE_RECURSION = YES;
				CLANG_WARN_INT_CONVERSION = YES;
				CLANG_WARN_NON_LITERAL_NULL_CONVERSION = YES;
				CLANG_WARN_OBJC_IMPLICIT_RETAIN_SELF = YES;
				CLANG_WARN_OBJC_LITERAL_CONVERSION = YES;
				CLANG_WARN_OBJC_ROOT_CLASS = YES_ERROR;
				CLANG_WARN_RANGE_LOOP_ANALYSIS = YES;
				CLANG_WARN_STRICT_PROTOTYPES = YES;
				CLANG_WARN_SUSPICIOUS_MOVE = YES;
				CLANG_WARN_UNREACHABLE_CODE = YES;
				CLANG_WARN__DUPLICATE_METHOD_MATCH = YES;
				"CODE_SIGN_IDENTITY[sdk=iphoneos*]" = "iPhone Developer";
				COPY_PHASE_STRIP = NO;
				DEBUG_INFORMATION_FORMAT = dwarf;
				ENABLE_STRICT_OBJC_MSGSEND = YES;
				ENABLE_TESTABILITY = YES;
				GCC_C_LANGUAGE_STANDARD = gnu99;
				GCC_DYNAMIC_NO_PIC = NO;
				GCC_NO_COMMON_BLOCKS = YES;
				GCC_OPTIMIZATION_LEVEL = 0;
				GCC_PREPROCESSOR_DEFINITIONS = (
					"DEBUG=1",
					"$(inherited)",
				);
				GCC_WARN_64_TO_32_BIT_CONVERSION = YES;
				GCC_WARN_ABOUT_RETURN_TYPE = YES_ERROR;
				GCC_WARN_UNDECLARED_SELECTOR = YES;
				GCC_WARN_UNINITIALIZED_AUTOS = YES_AGGRESSIVE;
				GCC_WARN_UNUSED_FUNCTION = YES;
				GCC_WARN_UNUSED_VARIABLE = YES;
				IPHONEOS_DEPLOYMENT_TARGET = 10.2;
				MTL_ENABLE_DEBUG_INFO = YES;
				ONLY_ACTIVE_ARCH = YES;
				SDKROOT = iphoneos;
				SWIFT_ACTIVE_COMPILATION_CONDITIONS = DEBUG;
				SWIFT_OPTIMIZATION_LEVEL = "-Onone";
			};
			name = Debug;
		};
		1161F61E1E7E7E2700AAFCA3 /* Release */ = {
			isa = XCBuildConfiguration;
			buildSettings = {
				ALWAYS_SEARCH_USER_PATHS = NO;
				CLANG_ANALYZER_NONNULL = YES;
				CLANG_CXX_LANGUAGE_STANDARD = "gnu++0x";
				CLANG_CXX_LIBRARY = "libc++";
				CLANG_ENABLE_MODULES = YES;
				CLANG_ENABLE_OBJC_ARC = YES;
				CLANG_WARN_BLOCK_CAPTURE_AUTORELEASING = YES;
				CLANG_WARN_BOOL_CONVERSION = YES;
				CLANG_WARN_COMMA = YES;
				CLANG_WARN_CONSTANT_CONVERSION = YES;
				CLANG_WARN_DEPRECATED_OBJC_IMPLEMENTATIONS = YES;
				CLANG_WARN_DIRECT_OBJC_ISA_USAGE = YES_ERROR;
				CLANG_WARN_DOCUMENTATION_COMMENTS = YES;
				CLANG_WARN_EMPTY_BODY = YES;
				CLANG_WARN_ENUM_CONVERSION = YES;
				CLANG_WARN_INFINITE_RECURSION = YES;
				CLANG_WARN_INT_CONVERSION = YES;
				CLANG_WARN_NON_LITERAL_NULL_CONVERSION = YES;
				CLANG_WARN_OBJC_IMPLICIT_RETAIN_SELF = YES;
				CLANG_WARN_OBJC_LITERAL_CONVERSION = YES;
				CLANG_WARN_OBJC_ROOT_CLASS = YES_ERROR;
				CLANG_WARN_RANGE_LOOP_ANALYSIS = YES;
				CLANG_WARN_STRICT_PROTOTYPES = YES;
				CLANG_WARN_SUSPICIOUS_MOVE = YES;
				CLANG_WARN_UNREACHABLE_CODE = YES;
				CLANG_WARN__DUPLICATE_METHOD_MATCH = YES;
				"CODE_SIGN_IDENTITY[sdk=iphoneos*]" = "iPhone Developer";
				COPY_PHASE_STRIP = NO;
				DEBUG_INFORMATION_FORMAT = "dwarf-with-dsym";
				ENABLE_NS_ASSERTIONS = NO;
				ENABLE_STRICT_OBJC_MSGSEND = YES;
				GCC_C_LANGUAGE_STANDARD = gnu99;
				GCC_NO_COMMON_BLOCKS = YES;
				GCC_WARN_64_TO_32_BIT_CONVERSION = YES;
				GCC_WARN_ABOUT_RETURN_TYPE = YES_ERROR;
				GCC_WARN_UNDECLARED_SELECTOR = YES;
				GCC_WARN_UNINITIALIZED_AUTOS = YES_AGGRESSIVE;
				GCC_WARN_UNUSED_FUNCTION = YES;
				GCC_WARN_UNUSED_VARIABLE = YES;
				IPHONEOS_DEPLOYMENT_TARGET = 10.2;
				MTL_ENABLE_DEBUG_INFO = NO;
				SDKROOT = iphoneos;
				SWIFT_OPTIMIZATION_LEVEL = "-Owholemodule";
				VALIDATE_PRODUCT = YES;
			};
			name = Release;
		};
		1161F6201E7E7E2700AAFCA3 /* Debug */ = {
			isa = XCBuildConfiguration;
			baseConfigurationReference = CC0AC943B6EF0A4A0ACAA4BB /* Pods-IslandBridgeConstructor.debug.xcconfig */;
			buildSettings = {
				ASSETCATALOG_COMPILER_APPICON_NAME = AppIcon;
				DEVELOPMENT_TEAM = SR52JE4SY6;
				INFOPLIST_FILE = IslandBridgeConstructor/Info.plist;
				LD_RUNPATH_SEARCH_PATHS = "$(inherited) @executable_path/Frameworks";
				PRODUCT_BUNDLE_IDENTIFIER = th.chavalit.mobile.IslandBridgeConstructor;
				PRODUCT_NAME = "$(TARGET_NAME)";
				SWIFT_SWIFT3_OBJC_INFERENCE = Default;
				SWIFT_VERSION = 4.0;
			};
			name = Debug;
		};
		1161F6211E7E7E2700AAFCA3 /* Release */ = {
			isa = XCBuildConfiguration;
			baseConfigurationReference = 68D3E7C96D038B9D10C022E8 /* Pods-IslandBridgeConstructor.release.xcconfig */;
			buildSettings = {
				ASSETCATALOG_COMPILER_APPICON_NAME = AppIcon;
				DEVELOPMENT_TEAM = SR52JE4SY6;
				INFOPLIST_FILE = IslandBridgeConstructor/Info.plist;
				LD_RUNPATH_SEARCH_PATHS = "$(inherited) @executable_path/Frameworks";
				PRODUCT_BUNDLE_IDENTIFIER = th.chavalit.mobile.IslandBridgeConstructor;
				PRODUCT_NAME = "$(TARGET_NAME)";
				SWIFT_SWIFT3_OBJC_INFERENCE = Default;
				SWIFT_VERSION = 4.0;
			};
			name = Release;
		};
		1161F6231E7E7E2700AAFCA3 /* Debug */ = {
			isa = XCBuildConfiguration;
			baseConfigurationReference = 7B756FDBB229627CDC624AE3 /* Pods-IslandBridgeConstructorTests.debug.xcconfig */;
			buildSettings = {
				ALWAYS_EMBED_SWIFT_STANDARD_LIBRARIES = YES;
				BUNDLE_LOADER = "$(TEST_HOST)";
				DEVELOPMENT_TEAM = SR52JE4SY6;
				INFOPLIST_FILE = IslandBridgeConstructorTests/Info.plist;
				LD_RUNPATH_SEARCH_PATHS = "$(inherited) @executable_path/Frameworks @loader_path/Frameworks";
				PRODUCT_BUNDLE_IDENTIFIER = th.mobile.chavalit.IslandBridgeConstructorTests;
				PRODUCT_NAME = "$(TARGET_NAME)";
				SWIFT_SWIFT3_OBJC_INFERENCE = On;
				SWIFT_VERSION = 4.0;
				TEST_HOST = "$(BUILT_PRODUCTS_DIR)/IslandBridgeConstructor.app/IslandBridgeConstructor";
			};
			name = Debug;
		};
		1161F6241E7E7E2700AAFCA3 /* Release */ = {
			isa = XCBuildConfiguration;
			baseConfigurationReference = 7AE1D5B55A6D6EEB6B62B7EF /* Pods-IslandBridgeConstructorTests.release.xcconfig */;
			buildSettings = {
				ALWAYS_EMBED_SWIFT_STANDARD_LIBRARIES = YES;
				BUNDLE_LOADER = "$(TEST_HOST)";
				DEVELOPMENT_TEAM = SR52JE4SY6;
				INFOPLIST_FILE = IslandBridgeConstructorTests/Info.plist;
				LD_RUNPATH_SEARCH_PATHS = "$(inherited) @executable_path/Frameworks @loader_path/Frameworks";
				PRODUCT_BUNDLE_IDENTIFIER = th.mobile.chavalit.IslandBridgeConstructorTests;
				PRODUCT_NAME = "$(TARGET_NAME)";
				SWIFT_SWIFT3_OBJC_INFERENCE = On;
				SWIFT_VERSION = 4.0;
				TEST_HOST = "$(BUILT_PRODUCTS_DIR)/IslandBridgeConstructor.app/IslandBridgeConstructor";
			};
			name = Release;
		};
/* End XCBuildConfiguration section */

/* Begin XCConfigurationList section */
		1161F5FD1E7E7E2700AAFCA3 /* Build configuration list for PBXProject "IslandBridgeConstructor" */ = {
			isa = XCConfigurationList;
			buildConfigurations = (
				1161F61D1E7E7E2700AAFCA3 /* Debug */,
				1161F61E1E7E7E2700AAFCA3 /* Release */,
			);
			defaultConfigurationIsVisible = 0;
			defaultConfigurationName = Release;
		};
		1161F61F1E7E7E2700AAFCA3 /* Build configuration list for PBXNativeTarget "IslandBridgeConstructor" */ = {
			isa = XCConfigurationList;
			buildConfigurations = (
				1161F6201E7E7E2700AAFCA3 /* Debug */,
				1161F6211E7E7E2700AAFCA3 /* Release */,
			);
			defaultConfigurationIsVisible = 0;
			defaultConfigurationName = Release;
		};
		1161F6221E7E7E2700AAFCA3 /* Build configuration list for PBXNativeTarget "IslandBridgeConstructorTests" */ = {
			isa = XCConfigurationList;
			buildConfigurations = (
				1161F6231E7E7E2700AAFCA3 /* Debug */,
				1161F6241E7E7E2700AAFCA3 /* Release */,
			);
			defaultConfigurationIsVisible = 0;
			defaultConfigurationName = Release;
		};
/* End XCConfigurationList section */
	};
	rootObject = 1161F5FA1E7E7E2700AAFCA3 /* Project object */;
}
